# THIS IS AN AUTOGENERATED FILE. DO NOT EDIT THIS FILE DIRECTLY.
# yarn lockfile v1


"@iarna/toml@^2.2.5":
  "integrity" "sha512-trnsAYxU3xnS1gPHPyU961coFyLkh4gAD/0zQ5mymY4yOZ+CYvsPqUbOFSw0aDM4y0tV7tiFxL/1XfXPNC6IPg=="
  "resolved" "https://registry.yarnpkg.com/@iarna/toml/-/toml-2.2.5.tgz"
  "version" "2.2.5"

"@iconify/json@1.1.426":
  "integrity" "sha512-hY0VC4JAnHaXdHkUzNuoSGKS493TN+tu6BVFmT/olNVZgl2ovwiOjNhpEhBHEcOb9DRV6cV5kZH9YeNzMlVTog=="
  "resolved" "https://registry.yarnpkg.com/@iconify/json/-/json-1.1.426.tgz"
  "version" "1.1.426"

"@netlify/plugin-sitemap@^0.8.1":
  "integrity" "sha512-mn8QU6sXejnUufYklkjitkNx4MCyPi+sosG8it57MP46o41FK5UQ1zleA3innTvpXAzUbwjXtSaBqtRmfzLl6Q=="
  "resolved" "https://registry.yarnpkg.com/@netlify/plugin-sitemap/-/plugin-sitemap-0.8.1.tgz"
  "version" "0.8.1"
  dependencies:
    "globby" "^10.0.1"
    "mkdirp" "^1.0.4"
    "sitemap" "^3.2.2"

"@nodelib/fs.scandir@2.1.5":
  "integrity" "sha512-vq24Bq3ym5HEQm2NKCr3yXDwjc7vTsEThRDnkp2DK9p1uqLR+DHurm/NOTo0KG7HYHU7eppKZj3MyqYuMBf62g=="
  "resolved" "https://registry.yarnpkg.com/@nodelib/fs.scandir/-/fs.scandir-2.1.5.tgz"
  "version" "2.1.5"
  dependencies:
    "@nodelib/fs.stat" "2.0.5"
    "run-parallel" "^1.1.9"

"@nodelib/fs.stat@^2.0.2", "@nodelib/fs.stat@2.0.5":
  "integrity" "sha512-RkhPPp2zrqDAQA/2jNhnztcPAlv64XdhIp7a7454A5ovI7Bukxgt7MX7udwAu3zg1DcpPU0rz3VV1SeaqvY4+A=="
  "resolved" "https://registry.yarnpkg.com/@nodelib/fs.stat/-/fs.stat-2.0.5.tgz"
  "version" "2.0.5"

"@nodelib/fs.walk@^1.2.3":
  "integrity" "sha512-oGB+UxlgWcgQkgwo8GcEGwemoTFt3FIO9ababBmaGwXIoBKZ+GTy0pP185beGg7Llih/NSHSV2XAs1lnznocSg=="
  "resolved" "https://registry.yarnpkg.com/@nodelib/fs.walk/-/fs.walk-1.2.8.tgz"
  "version" "1.2.8"
  dependencies:
    "@nodelib/fs.scandir" "2.1.5"
    "fastq" "^1.6.0"

"@rollup/pluginutils@^4.1.1":
  "version" "4.1.1"
  dependencies:
    "estree-walker" "^2.0.1"
    "picomatch" "^2.2.2"

"@sveltejs/adapter-auto@next":
  "integrity" "sha512-kfygrjF2uIgVVDsySl7I9oWSekU6adJCr/3qzLQDLM4FJ98FWmfhj4OOWsmF9X4JRPSm97t3RPugYsN3NLwKMQ=="
  "resolved" "https://registry.npmjs.org/@sveltejs/adapter-auto/-/adapter-auto-1.0.0-next.4.tgz"
  "version" "1.0.0-next.4"
  dependencies:
    "@sveltejs/adapter-cloudflare" "1.0.0-next.3"
    "@sveltejs/adapter-netlify" "1.0.0-next.36"
    "@sveltejs/adapter-vercel" "1.0.0-next.32"

"@sveltejs/adapter-cloudflare@1.0.0-next.3":
  "integrity" "sha512-LauvvkBFCE8myGMLWOncv97/xU8JJn9OMl1miy8f/q8qs0CrduvR1sv2uCM9AylqT/FNPy3mony5wpe3w1v7sg=="
  "resolved" "https://registry.npmjs.org/@sveltejs/adapter-cloudflare/-/adapter-cloudflare-1.0.0-next.3.tgz"
  "version" "1.0.0-next.3"
  dependencies:
    "esbuild" "^0.13.15"

"@sveltejs/adapter-netlify@^1.0.0-next.36", "@sveltejs/adapter-netlify@1.0.0-next.36":
  "integrity" "sha512-LdrIXCTBnIubtt/lthcnyt5VljuHpZlVzUqpWXk9Eu6bpNKblqQLMHkTBQfIbPfanmNSDZXJQVsdcFLqF2/+Cw=="
  "resolved" "https://registry.npmjs.org/@sveltejs/adapter-netlify/-/adapter-netlify-1.0.0-next.36.tgz"
  "version" "1.0.0-next.36"
  dependencies:
    "@iarna/toml" "^2.2.5"
    "esbuild" "^0.13.15"

"@sveltejs/adapter-vercel@^1.0.0-next.31", "@sveltejs/adapter-vercel@1.0.0-next.32":
  "integrity" "sha512-ZcltaS5bAobGD5P0z7xJIjPHSlGpF7padMIkqTzJxwMEb/acGgdO5yzDS8XUEaSNgj+prpD2oG8+gm33ds8x0A=="
  "resolved" "https://registry.npmjs.org/@sveltejs/adapter-vercel/-/adapter-vercel-1.0.0-next.32.tgz"
  "version" "1.0.0-next.32"
  dependencies:
    "esbuild" "^0.13.15"

"@sveltejs/kit@next":
  "integrity" "sha512-rXmJ0FplkWvD1CaeCfejRYhOJYrlmeUm5Fkw7gIKDdWPQev5rqOhd9B9ZvRpq35oMqCAwaOfK+e5S6k+83feEQ=="
  "resolved" "https://registry.npmjs.org/@sveltejs/kit/-/kit-1.0.0-next.202.tgz"
  "version" "1.0.0-next.202"
  dependencies:
    "@sveltejs/vite-plugin-svelte" "^1.0.0-next.30"
    "cheap-watch" "^1.0.4"
    "sade" "^1.7.4"
    "vite" "^2.7.2"

"@sveltejs/vite-plugin-svelte@^1.0.0-next.30":
  "version" "1.0.0-next.31"
  dependencies:
    "@rollup/pluginutils" "^4.1.1"
    "debug" "^4.3.3"
    "kleur" "^4.1.4"
    "magic-string" "^0.25.7"
    "require-relative" "^0.8.7"
    "svelte-hmr" "^0.14.7"

"@types/glob@^7.1.1":
  "integrity" "sha512-ZUxbzKl0IfJILTS6t7ip5fQQM/J3TJYubDm3nMbgubNNYS62eXeUpoLUC8/7fJNiFYHTrGPQn7hspDUzIHX3UA=="
  "resolved" "https://registry.yarnpkg.com/@types/glob/-/glob-7.2.0.tgz"
  "version" "7.2.0"
  dependencies:
    "@types/minimatch" "*"
    "@types/node" "*"

"@types/minimatch@*":
  "integrity" "sha512-Klz949h02Gz2uZCMGwDUSDS1YBlTdDDgbWHi+81l29tQALUtvz4rAYi5uoVhE5Lagoq6DeqAUlbrHvW/mXDgdQ=="
  "resolved" "https://registry.yarnpkg.com/@types/minimatch/-/minimatch-3.0.5.tgz"
  "version" "3.0.5"

"@types/node@*":
  "version" "16.11.12"

"@windicss/config@^1.6.1":
  "integrity" "sha512-E4FKtWdYl5HwFknBQ+Z2JIF58TZiR4/ZiP8B30sfRxNlG6clh4agn5MJqTb4ER0MLkDb30Hugl2tGun0AQNbFw=="
  "resolved" "https://registry.npmjs.org/@windicss/config/-/config-1.6.1.tgz"
  "version" "1.6.1"
  dependencies:
    "debug" "^4.3.3"
    "jiti" "^1.12.9"
    "windicss" "^3.4.0"

"@windicss/plugin-animations@^1.0.9":
  "integrity" "sha512-9WsQsPzLurkwV5zaMCwmylxfSHlQ1pPmzud4ysvMkMBRB7obub9ESmqlHefcCjEhatz/ZROi1U1XOuOPPUO1nA=="
  "resolved" "https://registry.npmjs.org/@windicss/plugin-animations/-/plugin-animations-1.0.9.tgz"
  "version" "1.0.9"

"@windicss/plugin-question-mark@^0.1.1":
  "integrity" "sha512-LTnySh28mFncJqCw7VjZzYD3HkJynjHQ8wAIgsZUPTi8WzDJtUeYyFc8/ImXGL/jon55zzg9yy9y/lUyCvvrmA=="
  "resolved" "https://registry.npmjs.org/@windicss/plugin-question-mark/-/plugin-question-mark-0.1.1.tgz"
  "version" "0.1.1"

"array-union@^2.1.0":
  "integrity" "sha512-HGyxoOTYUyCM6stUe6EJgnd4EoewAI7zMdfqO+kGjnlZmBDz/cR5pf8r/cR4Wq60sL/p0IkcjUEEPwS3GFrIyw=="
  "resolved" "https://registry.yarnpkg.com/array-union/-/array-union-2.1.0.tgz"
  "version" "2.1.0"

"balanced-match@^1.0.0":
  "integrity" "sha512-3oSeUO0TMV67hN1AmbXsK4yaqU7tjiHlbxRDZOpH0KW9+CeX4bRAaX0Anxt0tx2MrpRpWwQaPwIlISEJhYU5Pw=="
  "resolved" "https://registry.yarnpkg.com/balanced-match/-/balanced-match-1.0.2.tgz"
  "version" "1.0.2"

"brace-expansion@^1.1.7":
  "integrity" "sha512-iCuPHDFgrHX7H2vEI/5xpz07zSHB00TpugqhmYtVmMO6518mCuRMoOYFldEBl0g187ufozdaHgWKcYFb61qGiA=="
  "resolved" "https://registry.yarnpkg.com/brace-expansion/-/brace-expansion-1.1.11.tgz"
  "version" "1.1.11"
  dependencies:
    "balanced-match" "^1.0.0"
    "concat-map" "0.0.1"

"braces@^3.0.1":
  "integrity" "sha512-b8um+L1RzM3WDSzvhm6gIz1yfTbBt6YTlcEKAvsmqCZZFw46z626lVj9j1yEPW33H5H+lBQpZMP1k8l+78Ha0A=="
  "resolved" "https://registry.yarnpkg.com/braces/-/braces-3.0.2.tgz"
  "version" "3.0.2"
  dependencies:
    "fill-range" "^7.0.1"

"cheap-watch@^1.0.4":
  "integrity" "sha512-QR/9FrtRL5fjfUJBhAKCdi0lSRQ3rVRRum3GF9wDKp2TJbEIMGhUEr2yU8lORzm9Isdjx7/k9S0DFDx+z5VGtw=="
  "resolved" "https://registry.yarnpkg.com/cheap-watch/-/cheap-watch-1.0.4.tgz"
  "version" "1.0.4"

"concat-map@0.0.1":
  "integrity" "sha1-2Klr13/Wjfd5OnMDajug1UBdR3s="
  "resolved" "https://registry.yarnpkg.com/concat-map/-/concat-map-0.0.1.tgz"
  "version" "0.0.1"

"daisyui@^1.16.2":
  "version" "1.16.4"

"debug@^4.1.1", "debug@^4.3.3":
  "integrity" "sha512-/zxw5+vh1Tfv+4Qn7a5nsbcJKPaSvCDhojn6FEl9vupwK2VCSDtEiEtqr8DFtzYFOdz63LBkxec7DYuc2jon6Q=="
  "resolved" "https://registry.yarnpkg.com/debug/-/debug-4.3.3.tgz"
  "version" "4.3.3"
  dependencies:
    "ms" "2.1.2"

"dir-glob@^3.0.1":
  "integrity" "sha512-WkrWp9GR4KXfKGYzOLmTuGVi1UWFfws377n9cc55/tb6DuqyF6pcQ5AbiHEshaDpY9v6oaSr2XCDidGmMwdzIA=="
  "resolved" "https://registry.yarnpkg.com/dir-glob/-/dir-glob-3.0.1.tgz"
  "version" "3.0.1"
  dependencies:
    "path-type" "^4.0.0"

"esbuild-windows-64@0.13.15":
  "integrity" "sha512-9aMsPRGDWCd3bGjUIKG/ZOJPKsiztlxl/Q3C1XDswO6eNX/Jtwu4M+jb6YDH9hRSUflQWX0XKAfWzgy5Wk54JQ=="
  "resolved" "https://registry.yarnpkg.com/esbuild-windows-64/-/esbuild-windows-64-0.13.15.tgz"
  "version" "0.13.15"

"esbuild@^0.13.12", "esbuild@^0.13.15":
  "integrity" "sha512-raCxt02HBKv8RJxE8vkTSCXGIyKHdEdGfUmiYb8wnabnaEmHzyW7DCHb5tEN0xU8ryqg5xw54mcwnYkC4x3AIw=="
  "resolved" "https://registry.yarnpkg.com/esbuild/-/esbuild-0.13.15.tgz"
  "version" "0.13.15"
  dependencies:
    "esbuild-android-arm64" "0.13.15"
    "esbuild-darwin-64" "0.13.15"
    "esbuild-darwin-arm64" "0.13.15"
    "esbuild-freebsd-64" "0.13.15"
    "esbuild-freebsd-arm64" "0.13.15"
    "esbuild-linux-32" "0.13.15"
    "esbuild-linux-64" "0.13.15"
    "esbuild-linux-arm" "0.13.15"
    "esbuild-linux-arm64" "0.13.15"
    "esbuild-linux-mips64le" "0.13.15"
    "esbuild-linux-ppc64le" "0.13.15"
    "esbuild-netbsd-64" "0.13.15"
    "esbuild-openbsd-64" "0.13.15"
    "esbuild-sunos-64" "0.13.15"
    "esbuild-windows-32" "0.13.15"
    "esbuild-windows-64" "0.13.15"
    "esbuild-windows-arm64" "0.13.15"
  optionalDependencies:
    "esbuild-android-arm64" "0.13.15"
    "esbuild-darwin-64" "0.13.15"
    "esbuild-darwin-arm64" "0.13.15"
    "esbuild-freebsd-64" "0.13.15"
    "esbuild-freebsd-arm64" "0.13.15"
    "esbuild-linux-32" "0.13.15"
    "esbuild-linux-64" "0.13.15"
    "esbuild-linux-arm" "0.13.15"
    "esbuild-linux-arm64" "0.13.15"
    "esbuild-linux-mips64le" "0.13.15"
    "esbuild-linux-ppc64le" "0.13.15"
    "esbuild-netbsd-64" "0.13.15"
    "esbuild-openbsd-64" "0.13.15"
    "esbuild-sunos-64" "0.13.15"
    "esbuild-windows-32" "0.13.15"
    "esbuild-windows-64" "0.13.15"
    "esbuild-windows-arm64" "0.13.15"

"estree-walker@^2.0.1":
  "integrity" "sha512-Rfkk/Mp/DL7JVje3u18FxFujQlTNR2q6QfMSMB7AvCBx91NGj/ba3kCfza0f6dVDbw7YlRf/nDrn7pQrCCyQ/w=="
  "resolved" "https://registry.yarnpkg.com/estree-walker/-/estree-walker-2.0.2.tgz"
  "version" "2.0.2"

"fast-glob@^3.0.3":
  "integrity" "sha512-rYGMRwip6lUMvYD3BTScMwT1HtAs2d71SMv66Vrxs0IekGZEjhM0pcMfjQPnknBt2zeCwQMEupiN02ZP4DiT1Q=="
  "resolved" "https://registry.yarnpkg.com/fast-glob/-/fast-glob-3.2.7.tgz"
  "version" "3.2.7"
  dependencies:
    "@nodelib/fs.stat" "^2.0.2"
    "@nodelib/fs.walk" "^1.2.3"
    "glob-parent" "^5.1.2"
    "merge2" "^1.3.0"
    "micromatch" "^4.0.4"

"fastq@^1.6.0":
  "integrity" "sha512-YpkpUnK8od0o1hmeSc7UUs/eB/vIPWJYjKck2QKIzAf71Vm1AAQ3EbuZB3g2JIy+pg+ERD0vqI79KyZiB2e2Nw=="
  "resolved" "https://registry.yarnpkg.com/fastq/-/fastq-1.13.0.tgz"
  "version" "1.13.0"
  dependencies:
    "reusify" "^1.0.4"

"fill-range@^7.0.1":
  "integrity" "sha512-qOo9F+dMUmC2Lcb4BbVvnKJxTPjCm+RRpe4gDuGrzkL7mEVl/djYSu2OdQ2Pa302N4oqkSg9ir6jaLWJ2USVpQ=="
  "resolved" "https://registry.yarnpkg.com/fill-range/-/fill-range-7.0.1.tgz"
  "version" "7.0.1"
  dependencies:
    "to-regex-range" "^5.0.1"

"fs.realpath@^1.0.0":
  "integrity" "sha1-FQStJSMVjKpA20onh8sBQRmU6k8="
  "resolved" "https://registry.yarnpkg.com/fs.realpath/-/fs.realpath-1.0.0.tgz"
  "version" "1.0.0"

"fsevents@~2.3.2":
  "integrity" "sha512-xiqMQR4xAeHTuB9uWm+fFRcIOgKBMiOBP+eXiyT7jsgVCq1bkVygt00oASowB7EdtpOHaaPgKt812P9ab+DDKA=="
  "resolved" "https://registry.npmjs.org/fsevents/-/fsevents-2.3.2.tgz"
  "version" "2.3.2"

"function-bind@^1.1.1":
  "integrity" "sha512-yIovAzMX49sF8Yl58fSCWJ5svSLuaibPxXQJFLmBObTuCr0Mf1KiPopGM9NiFjiYBCbfaa2Fh6breQ6ANVTI0A=="
  "resolved" "https://registry.yarnpkg.com/function-bind/-/function-bind-1.1.1.tgz"
  "version" "1.1.1"

"glob-parent@^5.1.2":
  "integrity" "sha512-AOIgSQCepiJYwP3ARnGx+5VnTu2HBYdzbGP45eLw1vr3zB3vZLeyed1sC9hnbcOc9/SrMyM5RPQrkGz4aS9Zow=="
  "resolved" "https://registry.yarnpkg.com/glob-parent/-/glob-parent-5.1.2.tgz"
  "version" "5.1.2"
  dependencies:
    "is-glob" "^4.0.1"

"glob@^7.1.3":
  "integrity" "sha512-lmLf6gtyrPq8tTjSmrO94wBeQbFR3HbLHbuyD69wuyQkImp2hWqMGB47OX65FBkPffO641IP9jWa1z4ivqG26Q=="
  "resolved" "https://registry.yarnpkg.com/glob/-/glob-7.2.0.tgz"
  "version" "7.2.0"
  dependencies:
    "fs.realpath" "^1.0.0"
    "inflight" "^1.0.4"
    "inherits" "2"
    "minimatch" "^3.0.4"
    "once" "^1.3.0"
    "path-is-absolute" "^1.0.0"

"globby@^10.0.1":
  "integrity" "sha512-7dUi7RvCoT/xast/o/dLN53oqND4yk0nsHkhRgn9w65C4PofCLOoJ39iSOg+qVDdWQPIEj+eszMHQ+aLVwwQSg=="
  "resolved" "https://registry.yarnpkg.com/globby/-/globby-10.0.2.tgz"
  "version" "10.0.2"
  dependencies:
    "@types/glob" "^7.1.1"
    "array-union" "^2.1.0"
    "dir-glob" "^3.0.1"
    "fast-glob" "^3.0.3"
    "glob" "^7.1.3"
    "ignore" "^5.1.1"
    "merge2" "^1.2.3"
    "slash" "^3.0.0"

"has@^1.0.3":
  "integrity" "sha512-f2dvO0VU6Oej7RkWJGrehjbzMAjFp5/VKPp5tTpWIV4JHHZK1/BxbFRtf/siA2SWTe09caDmVtYYzWEIbBS4zw=="
  "resolved" "https://registry.yarnpkg.com/has/-/has-1.0.3.tgz"
  "version" "1.0.3"
  dependencies:
    "function-bind" "^1.1.1"

"ignore@^5.1.1":
  "integrity" "sha512-2zeMQpbKz5dhZ9IwL0gbxSW5w0NK/MSAMtNuhgIHEPmaU3vPdKPL0UdvUCXs5SS4JAwsBxysK5sFMW8ocFiVjQ=="
  "resolved" "https://registry.yarnpkg.com/ignore/-/ignore-5.1.9.tgz"
  "version" "5.1.9"

"inflight@^1.0.4":
  "integrity" "sha1-Sb1jMdfQLQwJvJEKEHW6gWW1bfk="
  "resolved" "https://registry.yarnpkg.com/inflight/-/inflight-1.0.6.tgz"
  "version" "1.0.6"
  dependencies:
    "once" "^1.3.0"
    "wrappy" "1"

"inherits@2":
  "integrity" "sha512-k/vGaX4/Yla3WzyMCvTQOXYeIHvqOKtnqBduzTHpzpQZzAskKMhZ2K+EnBiSM9zGSoIFeMpXKxa4dYeZIQqewQ=="
  "resolved" "https://registry.yarnpkg.com/inherits/-/inherits-2.0.4.tgz"
  "version" "2.0.4"

"is-core-module@^2.2.0":
  "integrity" "sha512-vd15qHsaqrRL7dtH6QNuy0ndJmRDrS9HAM1CAiSifNUFv4x1a0CCVsj18hJ1mShxIG6T2i1sO78MkP56r0nYRw=="
  "resolved" "https://registry.yarnpkg.com/is-core-module/-/is-core-module-2.8.0.tgz"
  "version" "2.8.0"
  dependencies:
    "has" "^1.0.3"

"is-extglob@^2.1.1":
  "integrity" "sha1-qIwCU1eR8C7TfHahueqXc8gz+MI="
  "resolved" "https://registry.yarnpkg.com/is-extglob/-/is-extglob-2.1.1.tgz"
  "version" "2.1.1"

"is-glob@^4.0.1":
  "integrity" "sha512-xelSayHH36ZgE7ZWhli7pW34hNbNl8Ojv5KVmkJD4hBdD3th8Tfk9vYasLM+mXWOZhFkgZfxhLSnrwRr4elSSg=="
  "resolved" "https://registry.yarnpkg.com/is-glob/-/is-glob-4.0.3.tgz"
  "version" "4.0.3"
  dependencies:
    "is-extglob" "^2.1.1"

"is-number@^7.0.0":
  "integrity" "sha512-41Cifkg6e8TylSpdtTpeLVMqvSBEVzTttHvERD741+pnZ8ANv0004MRL43QKPDlK9cGvNp6NZWZUBlbGXYxxng=="
  "resolved" "https://registry.yarnpkg.com/is-number/-/is-number-7.0.0.tgz"
  "version" "7.0.0"

"jiti@^1.12.9":
  "integrity" "sha512-TdcJywkQtcwLxogc4rSMAi479G2eDPzfW0fLySks7TPhgZZ4s/tM6stnzayIh3gS/db3zExWJyUx4cNWrwAmoQ=="
  "resolved" "https://registry.npmjs.org/jiti/-/jiti-1.12.9.tgz"
  "version" "1.12.9"

"kleur@^4.1.4":
  "integrity" "sha512-8QADVssbrFjivHWQU7KkMgptGTl6WAcSdlbBPY4uNF+mWr6DGcKrvY2w4FQJoXch7+fKMjj0dRrL75vk3k23OA=="
  "resolved" "https://registry.yarnpkg.com/kleur/-/kleur-4.1.4.tgz"
  "version" "4.1.4"

"lodash.chunk@^4.2.0":
  "integrity" "sha1-ZuXOH3btJ7QwPYxlEujRIW6BBrw="
  "resolved" "https://registry.yarnpkg.com/lodash.chunk/-/lodash.chunk-4.2.0.tgz"
  "version" "4.2.0"

"lodash.padstart@^4.6.1":
  "integrity" "sha1-0uPuv/DZ05rVD1y9G1KnvOa7YRs="
  "resolved" "https://registry.yarnpkg.com/lodash.padstart/-/lodash.padstart-4.6.1.tgz"
  "version" "4.6.1"

"lodash.sortby@^4.7.0":
  "integrity" "sha1-7dFMgk4sycHgsKG0K7UhBRakJDg="
  "resolved" "https://registry.yarnpkg.com/lodash.sortby/-/lodash.sortby-4.7.0.tgz"
  "version" "4.7.0"

"magic-string@^0.25.7":
  "integrity" "sha512-4CrMT5DOHTDk4HYDlzmwu4FVCcIYI8gauveasrdCu2IKIFOJ3f0v/8MDGJCDL9oD2ppz/Av1b0Nj345H9M+XIA=="
  "resolved" "https://registry.yarnpkg.com/magic-string/-/magic-string-0.25.7.tgz"
  "version" "0.25.7"
  dependencies:
    "sourcemap-codec" "^1.4.4"

"merge2@^1.2.3", "merge2@^1.3.0":
  "integrity" "sha512-8q7VEgMJW4J8tcfVPy8g09NcQwZdbwFEqhe/WZkoIzjn/3TGDwtOCYtXGxA3O8tPzpczCCDgv+P2P5y00ZJOOg=="
  "resolved" "https://registry.yarnpkg.com/merge2/-/merge2-1.4.1.tgz"
  "version" "1.4.1"

"micromatch@^4.0.4":
  "integrity" "sha512-pRmzw/XUcwXGpD9aI9q/0XOwLNygjETJ8y0ao0wdqprrzDa4YnxLcz7fQRZr8voh8V10kGhABbNcHVk5wHgWwg=="
  "resolved" "https://registry.yarnpkg.com/micromatch/-/micromatch-4.0.4.tgz"
  "version" "4.0.4"
  dependencies:
    "braces" "^3.0.1"
    "picomatch" "^2.2.3"

"minimatch@^3.0.4":
  "integrity" "sha512-yJHVQEhyqPLUTgt9B83PXu6W3rx4MvvHvSUvToogpwoGDOUQ+yDrR0HRot+yOCdCO7u4hX3pWft6kWBBcqh0UA=="
  "resolved" "https://registry.yarnpkg.com/minimatch/-/minimatch-3.0.4.tgz"
  "version" "3.0.4"
  dependencies:
    "brace-expansion" "^1.1.7"

"mkdirp@^1.0.4":
  "integrity" "sha512-vVqVZQyf3WLx2Shd0qJ9xuvqgAyKPLAiqITEtqW0oIUjzo3PePDd6fW9iFz30ef7Ysp/oiWqbhszeGWW2T6Gzw=="
  "resolved" "https://registry.yarnpkg.com/mkdirp/-/mkdirp-1.0.4.tgz"
  "version" "1.0.4"

"mri@^1.1.0":
  "integrity" "sha512-tzzskb3bG8LvYGFF/mDTpq3jpI6Q9wc3LEmBaghu+DdCssd1FakN7Bc0hVNmEyGq1bq3RgfkCb3cmQLpNPOroA=="
  "resolved" "https://registry.yarnpkg.com/mri/-/mri-1.2.0.tgz"
  "version" "1.2.0"

"ms@2.1.2":
  "integrity" "sha512-sGkPx+VjMtmA6MX27oA4FBFELFCZZ4S4XqeGOXCv68tT+jb3vk/RyaKWP0PTKyWtmLSM0b+adUTEvbs1PEaH2w=="
  "resolved" "https://registry.yarnpkg.com/ms/-/ms-2.1.2.tgz"
  "version" "2.1.2"

"nanoid@^3.1.30":
  "integrity" "sha512-zJpuPDwOv8D2zq2WRoMe1HsfZthVewpel9CAvTfc/2mBD1uUT/agc5f7GHGWXlYkFvi1mVxe4IjvP2HNrop7nQ=="
  "resolved" "https://registry.yarnpkg.com/nanoid/-/nanoid-3.1.30.tgz"
  "version" "3.1.30"

"netlify-cli@^8.4.2":
  "integrity" "sha512-9PBDR0aoEomOD23Ynx07SdGSKbbNQoYkEFAn9OPrhveAs+6EufpkVZ8xd97Xvv2YKWkUVTVnne/IP9J6a5iuug=="
  "resolved" "https://registry.npmjs.org/netlify-cli/-/netlify-cli-8.6.0.tgz"
  "version" "8.6.0"
  dependencies:
    "@netlify/build" "^26.0.2"
    "@netlify/config" "^17.0.2"
    "@netlify/framework-info" "^7.0.0"
    "@netlify/local-functions-proxy" "^1.1.1"
    "@netlify/plugin-edge-handlers" "^3.0.0"
    "@netlify/plugins-list" "^6.2.0"
    "@netlify/routing-local-proxy" "^0.34.1"
    "@netlify/zip-it-and-ship-it" "5.3.1"
    "@octokit/rest" "^18.0.0"
    "@sindresorhus/slugify" "^1.1.0"
    "ansi-escapes" "^5.0.0"
    "ansi-styles" "^5.0.0"
    "ascii-table" "0.0.9"
    "backoff" "^2.5.0"
    "better-opn" "^2.1.1"
    "boxen" "^5.0.0"
    "chalk" "^4.0.0"
    "chokidar" "^3.0.2"
    "ci-info" "^3.0.0"
    "clean-deep" "^3.0.2"
    "commander" "^8.3.0"
    "concordance" "^5.0.0"
    "configstore" "^5.0.0"
    "content-type" "^1.0.4"
    "cookie" "^0.4.0"
    "copy-template-dir" "^1.4.0"
    "debug" "^4.1.1"
    "decache" "^4.6.0"
    "del" "^6.0.0"
    "dot-prop" "^6.0.0"
    "dotenv" "^10.0.0"
    "env-paths" "^2.2.0"
    "envinfo" "^7.3.1"
    "execa" "^5.0.0"
    "express" "^4.17.1"
    "express-logging" "^1.1.1"
    "filter-obj" "^2.0.1"
    "find-up" "^5.0.0"
    "flush-write-stream" "^2.0.0"
    "folder-walker" "^3.2.0"
    "from2-array" "^0.0.4"
    "fuzzy" "^0.1.3"
    "get-port" "^5.1.0"
    "gh-release-fetch" "^2.0.0"
    "git-repo-info" "^2.1.0"
    "gitconfiglocal" "^2.1.0"
    "hasbin" "^1.2.3"
    "hasha" "^5.2.2"
    "http-proxy" "^1.18.0"
    "http-proxy-middleware" "^1.0.0"
    "https-proxy-agent" "^5.0.0"
    "inquirer" "^6.5.1"
    "inquirer-autocomplete-prompt" "^1.0.1"
    "is-docker" "^2.0.0"
    "is-plain-obj" "^3.0.0"
    "is-wsl" "^2.2.0"
    "isexe" "^2.0.0"
    "jwt-decode" "^3.0.0"
    "lambda-local" "^2.0.0"
    "listr" "^0.14.3"
    "locate-path" "^6.0.0"
    "lodash" "^4.17.20"
    "log-symbols" "^4.0.0"
    "log-update" "^5.0.0"
    "make-dir" "^3.0.0"
    "memoize-one" "^6.0.0"
    "minimist" "^1.2.5"
    "mock-require" "^3.0.3"
    "multiparty" "^4.2.1"
    "netlify" "^10.1.0"
    "netlify-headers-parser" "^6.0.0"
    "netlify-redirect-parser" "^13.0.0"
    "netlify-redirector" "^0.2.1"
    "node-fetch" "^2.6.0"
    "node-version-alias" "^1.0.1"
    "omit.js" "^2.0.2"
    "open" "^7.0.0"
    "ora" "^5.0.0"
    "p-event" "^4.2.0"
    "p-filter" "^2.1.0"
    "p-map" "^4.0.0"
    "p-wait-for" "^3.0.0"
    "parallel-transform" "^1.2.0"
    "parse-github-url" "^1.0.2"
    "parse-gitignore" "^1.0.1"
    "path-exists" "^4.0.0"
    "path-key" "^3.1.1"
    "path-type" "^4.0.0"
    "prettyjson" "^1.2.1"
    "pump" "^3.0.0"
    "raw-body" "^2.4.1"
    "read-pkg-up" "^7.0.1"
    "resolve" "^1.12.0"
    "semver" "^7.3.5"
    "source-map-support" "^0.5.19"
    "static-server" "^2.2.1"
    "string-similarity" "^4.0.4"
    "strip-ansi-control-characters" "^2.0.0"
    "tabtab" "^3.0.2"
    "tempy" "^1.0.0"
    "terminal-link" "^2.1.1"
    "through2-filter" "^3.0.0"
    "through2-map" "^3.0.0"
    "to-readable-stream" "^2.1.0"
    "toml" "^3.0.0"
    "update-notifier" "^5.0.0"
    "uuid" "^8.0.0"
    "wait-port" "^0.2.2"
    "winston" "^3.2.1"
    "write-file-atomic" "^3.0.0"

"once@^1.3.0":
  "integrity" "sha1-WDsap3WWHUsROsF9nFC6753Xa9E="
  "resolved" "https://registry.yarnpkg.com/once/-/once-1.4.0.tgz"
  "version" "1.4.0"
  dependencies:
    "wrappy" "1"

"path-is-absolute@^1.0.0":
  "integrity" "sha1-F0uSaHNVNP+8es5r9TpanhtcX18="
  "resolved" "https://registry.yarnpkg.com/path-is-absolute/-/path-is-absolute-1.0.1.tgz"
  "version" "1.0.1"

"path-parse@^1.0.6":
  "integrity" "sha512-LDJzPVEEEPR+y48z93A0Ed0yXb8pAByGWo/k5YYdYgpY2/2EsOsksJrq7lOHxryrVOn1ejG6oAp8ahvOIQD8sw=="
  "resolved" "https://registry.yarnpkg.com/path-parse/-/path-parse-1.0.7.tgz"
  "version" "1.0.7"

"path-type@^4.0.0":
  "integrity" "sha512-gDKb8aZMDeD/tZWs9P6+q0J9Mwkdl6xMV8TjnGP3qJVJ06bdMgkbBlLU8IdfOsIsFz2BW1rNVT3XuNEl8zPAvw=="
  "resolved" "https://registry.yarnpkg.com/path-type/-/path-type-4.0.0.tgz"
  "version" "4.0.0"

"picocolors@^1.0.0":
  "integrity" "sha512-1fygroTLlHu66zi26VoTDv8yRgm0Fccecssto+MhsZ0D/DGW2sm8E8AjW7NU5VVTRt5GxbeZ5qBuJr+HyLYkjQ=="
  "resolved" "https://registry.yarnpkg.com/picocolors/-/picocolors-1.0.0.tgz"
  "version" "1.0.0"

"picomatch@^2.2.2", "picomatch@^2.2.3":
  "integrity" "sha512-lY1Q/PiJGC2zOv/z391WOTD+Z02bCgsFfvxoXXf6h7kv9o+WmsmzYqrAwY63sNgOxE4xEdq0WyUnXfKeBrSvYw=="
  "resolved" "https://registry.yarnpkg.com/picomatch/-/picomatch-2.3.0.tgz"
  "version" "2.3.0"

"postcss@^8.3.11":
  "version" "8.4.4"
  dependencies:
    "nanoid" "^3.1.30"
    "picocolors" "^1.0.0"
    "source-map-js" "^1.0.1"

"prettier-plugin-svelte@^2.5.1":
  "integrity" "sha512-IhZUcqr7Bg4LY15d87t9lDr7EyC0IPehkzH5ya5igG8zYwf3UYaYDFnVW2mckREaZyLREcH9YOouesmt4f5Ozg=="
  "resolved" "https://registry.yarnpkg.com/prettier-plugin-svelte/-/prettier-plugin-svelte-2.5.1.tgz"
  "version" "2.5.1"

"prettier@^1.16.4 || ^2.0.0", "prettier@^2.5.1":
  "integrity" "sha512-vBZcPRUR5MZJwoyi3ZoyQlc1rXeEck8KgeC9AwwOn+exuxLxq5toTRDTSaVrXHxelDMHy9zlicw8u66yxoSUFg=="
  "resolved" "https://registry.yarnpkg.com/prettier/-/prettier-2.5.1.tgz"
  "version" "2.5.1"

"punycode@^2.1.0":
  "integrity" "sha512-XRsRjdf+j5ml+y/6GKHPZbrF/8p2Yga0JPtdqTIY2Xe5ohJPD9saDJJLPvp9+NSBprVvevdXZybnj2cv8OEd0A=="
  "resolved" "https://registry.yarnpkg.com/punycode/-/punycode-2.1.1.tgz"
  "version" "2.1.1"

"queue-microtask@^1.2.2":
  "integrity" "sha512-NuaNSa6flKT5JaSYQzJok04JzTL1CA6aGhv5rfLW3PgqA+M2ChpZQnAC8h8i4ZFkBS8X5RqkDBHA7r4hej3K9A=="
  "resolved" "https://registry.yarnpkg.com/queue-microtask/-/queue-microtask-1.2.3.tgz"
  "version" "1.2.3"

"require-relative@^0.8.7":
  "integrity" "sha1-eZlTn8ngR6N5KPoZb44VY9q9Nt4="
  "resolved" "https://registry.yarnpkg.com/require-relative/-/require-relative-0.8.7.tgz"
  "version" "0.8.7"

"resolve@^1.12.0", "resolve@^1.20.0":
  "integrity" "sha512-wENBPt4ySzg4ybFQW2TT1zMQucPK95HSh/nq2CFTZVOGut2+pQvSsgtda4d26YrYcr067wjbmzOG8byDPBX63A=="
  "resolved" "https://registry.yarnpkg.com/resolve/-/resolve-1.20.0.tgz"
  "version" "1.20.0"
  dependencies:
    "is-core-module" "^2.2.0"
    "path-parse" "^1.0.6"

"reusify@^1.0.4":
  "integrity" "sha512-U9nH88a3fc/ekCF1l0/UP1IosiuIjyTh7hBvXVMHYgVcfGvt897Xguj2UOLDeI5BG2m7/uwyaLVT6fbtCwTyzw=="
  "resolved" "https://registry.yarnpkg.com/reusify/-/reusify-1.0.4.tgz"
  "version" "1.0.4"

"rollup@^2.59.0":
  "integrity" "sha512-BbTXlEvB8d+XFbK/7E5doIcRtxWPRiqr0eb5vQ0+2paMM04Ye4PZY5nHOQef2ix24l/L0SpLd5hwcH15QHPdvA=="
  "resolved" "https://registry.yarnpkg.com/rollup/-/rollup-2.61.1.tgz"
  "version" "2.61.1"
  dependencies:
    "fsevents" "~2.3.2"
  optionalDependencies:
    "fsevents" "~2.3.2"

"run-parallel@^1.1.9":
  "integrity" "sha512-5l4VyZR86LZ/lDxZTR6jqL8AFE2S0IFLMP26AbjsLVADxHdhB/c0GUsH+y39UfCi3dzz8OlQuPmnaJOMoDHQBA=="
  "resolved" "https://registry.yarnpkg.com/run-parallel/-/run-parallel-1.2.0.tgz"
  "version" "1.2.0"
  dependencies:
    "queue-microtask" "^1.2.2"

"sade@^1.7.4":
  "integrity" "sha512-y5yauMD93rX840MwUJr7C1ysLFBgMspsdTo4UVrDg3fXDvtwOyIqykhVAAm6fk/3au77773itJStObgK+LKaiA=="
  "resolved" "https://registry.yarnpkg.com/sade/-/sade-1.7.4.tgz"
  "version" "1.7.4"
  dependencies:
    "mri" "^1.1.0"

"sitemap@^3.2.2":
  "integrity" "sha512-TModL/WU4m2q/mQcrDgNANn0P4LwprM9MMvG4hu5zP4c6IIKs2YLTu6nXXnNr8ODW/WFtxKggiJ1EGn2W0GNmg=="
  "resolved" "https://registry.yarnpkg.com/sitemap/-/sitemap-3.2.2.tgz"
  "version" "3.2.2"
  dependencies:
    "lodash.chunk" "^4.2.0"
    "lodash.padstart" "^4.6.1"
    "whatwg-url" "^7.0.0"
    "xmlbuilder" "^13.0.0"

"slash@^3.0.0":
  "integrity" "sha512-g9Q1haeby36OSStwb4ntCGGGaKsaVSjQ68fBxoQcutl5fS1vuY18H3wSt3jFyFtrkx+Kz0V1G85A4MyAdDMi2Q=="
  "resolved" "https://registry.yarnpkg.com/slash/-/slash-3.0.0.tgz"
  "version" "3.0.0"

"source-map-js@^1.0.1":
  "integrity" "sha512-4+TN2b3tqOCd/kaGRJ/sTYA0tR0mdXx26ipdolxcwtJVqEnqNYvlCAt1q3ypy4QMlYus+Zh34RNtYLoq2oQ4IA=="
  "resolved" "https://registry.yarnpkg.com/source-map-js/-/source-map-js-1.0.1.tgz"
  "version" "1.0.1"

"sourcemap-codec@^1.4.4":
  "integrity" "sha512-9NykojV5Uih4lgo5So5dtw+f0JgJX30KCNI8gwhz2J9A15wD0Ml6tjHKwf6fTSa6fAdVBdZeNOs9eJ71qCk8vA=="
  "resolved" "https://registry.yarnpkg.com/sourcemap-codec/-/sourcemap-codec-1.4.8.tgz"
  "version" "1.4.8"

"svelte-hmr@^0.14.7":
  "integrity" "sha512-pDrzgcWSoMaK6AJkBWkmgIsecW0GChxYZSZieIYfCP0v2oPyx2CYU/zm7TBIcjLVUPP714WxmViE9Thht4etog=="
  "resolved" "https://registry.yarnpkg.com/svelte-hmr/-/svelte-hmr-0.14.7.tgz"
  "version" "0.14.7"

"svelte-windicss-preprocess@4.1.7":
  "integrity" "sha512-+jQD1zlpOlKg1AFOs/2wrubzUbRzG4KBCzeho7kXyUoSi4OOWqMP1l4roHZTEOqLqmja4eVi0RVEI5RhjqgZIA=="
  "resolved" "https://registry.yarnpkg.com/svelte-windicss-preprocess/-/svelte-windicss-preprocess-4.1.7.tgz"
  "version" "4.1.7"
  dependencies:
    "@iconify/json" "1.1.426"
    "windicss" "3.2.1"
    "windicss-runtime-dom" "3.0.0"

"svelte@^3.2.0", "svelte@^3.44.0", "svelte@^3.44.3", "svelte@>=3.19.0":
  "integrity" "sha512-aGgrNCip5PQFNfq9e9tmm7EYxWLVHoFsEsmKrtOeRD8dmoGDdyTQ+21xd7qgFd8MNdKGSYvg7F9dr+Tc0yDymg=="
  "resolved" "https://registry.npmjs.org/svelte/-/svelte-3.44.3.tgz"
  "version" "3.44.3"

"to-regex-range@^5.0.1":
  "integrity" "sha512-65P7iz6X5yEr1cwcgvQxbbIw7Uk3gOy5dIdtZ4rDveLqhrdJP+Li/Hx6tyK0NEb+2GCyneCMJiGqrADCSNk8sQ=="
  "resolved" "https://registry.yarnpkg.com/to-regex-range/-/to-regex-range-5.0.1.tgz"
  "version" "5.0.1"
  dependencies:
    "is-number" "^7.0.0"

"tr46@^1.0.1":
  "integrity" "sha1-qLE/1r/SSJUZZ0zN5VujaTtwbQk="
  "resolved" "https://registry.yarnpkg.com/tr46/-/tr46-1.0.1.tgz"
  "version" "1.0.1"
  dependencies:
    "punycode" "^2.1.0"

"vite@^2.6.0", "vite@^2.7.2":
  "integrity" "sha512-wMffVVdKZRZP/HwW3yttKL8X+IJePz7bUcnGm0vqljffpVwHpjWC3duZtJQHAGvy+wrTjmwU7vkULpZ1dVXY6w=="
  "resolved" "https://registry.npmjs.org/vite/-/vite-2.7.2.tgz"
  "version" "2.7.2"
  dependencies:
    "esbuild" "^0.13.12"
    "fsevents" "~2.3.2"
    "postcss" "^8.3.11"
    "resolve" "^1.20.0"
    "rollup" "^2.59.0"
  optionalDependencies:
    "fsevents" "~2.3.2"

"webidl-conversions@^4.0.2":
  "integrity" "sha512-YQ+BmxuTgd6UXZW3+ICGfyqRyHXVlD5GtQr5+qjiNW7bF0cqrzX500HVXPBOvgXb5YnzDd+h0zqyv61KUD7+Sg=="
  "resolved" "https://registry.yarnpkg.com/webidl-conversions/-/webidl-conversions-4.0.2.tgz"
  "version" "4.0.2"

"whatwg-url@^7.0.0":
  "integrity" "sha512-WUu7Rg1DroM7oQvGWfOiAK21n74Gg+T4elXEQYkOhtyLeWiJFoOGLXPKI/9gzIie9CtwVLm8wtw6YJdKyxSjeg=="
  "resolved" "https://registry.yarnpkg.com/whatwg-url/-/whatwg-url-7.1.0.tgz"
  "version" "7.1.0"
  dependencies:
    "lodash.sortby" "^4.7.0"
    "tr46" "^1.0.1"
    "webidl-conversions" "^4.0.2"

"windicss-runtime-dom@3.0.0":
  "integrity" "sha512-a12Uhu71yT1U8w0PzJ3amF9xmC8b1rWFLgXEfI/UyuwUi6D1vUACOO6vb0iY4T4OtP/bJAjQMM7lv3hMWSwLuQ=="
  "resolved" "https://registry.yarnpkg.com/windicss-runtime-dom/-/windicss-runtime-dom-3.0.0.tgz"
  "version" "3.0.0"

"windicss@^3.4.0":
  "integrity" "sha512-YieqWaXiwPu0JJoB7z03RXdjZjQQJtMZAeXUXu/j3JXSMhIgV/2rUXu4Q7QrworRlbaASZlFhxjnL/78aAty+Q=="
  "resolved" "https://registry.npmjs.org/windicss/-/windicss-3.4.2.tgz"
  "version" "3.4.2"

"windicss@3.2.1":
  "integrity" "sha512-LusrIrryBFHAPQ/OOTbS4EWWuzI6eGeJglI9nQ3kDBr1cqH69NWt8Z8q59f9kTkgptXroejmWfksWwqgHs8EVw=="
  "resolved" "https://registry.yarnpkg.com/windicss/-/windicss-3.2.1.tgz"
  "version" "3.2.1"

"wrappy@1":
  "integrity" "sha1-tSQ9jz7BqjXxNkYFvA0QNuMKtp8="
  "resolved" "https://registry.yarnpkg.com/wrappy/-/wrappy-1.0.2.tgz"
  "version" "1.0.2"

"xmlbuilder@^13.0.0":
  "integrity" "sha512-Eux0i2QdDYKbdbA6AM6xE4m6ZTZr4G4xF9kahI2ukSEMCzwce2eX9WlTI5J3s+NU7hpasFsr8hWIONae7LluAQ=="
  "resolved" "https://registry.yarnpkg.com/xmlbuilder/-/xmlbuilder-13.0.2.tgz"
  "version" "13.0.2"
